Microsoft Visual Studio Solution File, Format Version 11.00
# Visual Studio 2008

Project("{8010B576-4AD0-65AA-8D9E-82EFAAAA9697}") = "Sociable", "Assembly-CSharp-firstpass.csproj", "{1B686CCE-DE4B-473A-6012-40504DDB6B1F}"
EndProject
Project("{8010B576-4AD0-65AA-8D9E-82EFAAAA9697}") = "Sociable", "Assembly-CSharp.csproj", "{F0608FDA-E76D-0F9A-EFC5-2DF0051D46AE}"
EndProject
Project("{8010B576-4AD0-65AA-8D9E-82EFAAAA9697}") = "Sociable", "Assembly-CSharp-Editor.csproj", "{041705C6-6313-13D5-63DA-C173F15B0EBA}"
EndProject
Global
	GlobalSection(SolutionConfigurationPlatforms) = preSolution
		Debug|Any CPU = Debug|Any CPU
		Release|Any CPU = Release|Any CPU
	EndGlobalSection
	GlobalSection(ProjectConfigurationPlatforms) = postSolution
		{1B686CCE-DE4B-473A-6012-40504DDB6B1F}.Debug|Any CPU.ActiveCfg = Debug|Any CPU
		{1B686CCE-DE4B-473A-6012-40504DDB6B1F}.Debug|Any CPU.Build.0 = Debug|Any CPU
		{1B686CCE-DE4B-473A-6012-40504DDB6B1F}.Release|Any CPU.ActiveCfg = Release|Any CPU
		{1B686CCE-DE4B-473A-6012-40504DDB6B1F}.Release|Any CPU.Build.0 = Release|Any CPU
		{F0608FDA-E76D-0F9A-EFC5-2DF0051D46AE}.Debug|Any CPU.ActiveCfg = Debug|Any CPU
		{F0608FDA-E76D-0F9A-EFC5-2DF0051D46AE}.Debug|Any CPU.Build.0 = Debug|Any CPU
		{F0608FDA-E76D-0F9A-EFC5-2DF0051D46AE}.Release|Any CPU.ActiveCfg = Release|Any CPU
		{F0608FDA-E76D-0F9A-EFC5-2DF0051D46AE}.Release|Any CPU.Build.0 = Release|Any CPU
		{041705C6-6313-13D5-63DA-C173F15B0EBA}.Debug|Any CPU.ActiveCfg = Debug|Any CPU
		{041705C6-6313-13D5-63DA-C173F15B0EBA}.Debug|Any CPU.Build.0 = Debug|Any CPU
		{041705C6-6313-13D5-63DA-C173F15B0EBA}.Release|Any CPU.ActiveCfg = Release|Any CPU
		{041705C6-6313-13D5-63DA-C173F15B0EBA}.Release|Any CPU.Build.0 = Release|Any CPU
	EndGlobalSection
	GlobalSection(SolutionProperties) = preSolution
		HideSolutionNode = FALSE
	EndGlobalSection
	GlobalSection(MonoDevelopProperties) = preSolution
		StartupItem = Assembly-CSharp.csproj
	EndGlobalSection
EndGlobal
